
Microsoft Visual Studio Solution File, Format Version 12.00
# Visual Studio 15
VisualStudioVersion = 15.0.26730.12
MinimumVisualStudioVersion = 10.0.40219.1
Project("{FAE04EC0-301F-11D3-BF4B-00C04F79EFBC}") = "CsharpCalculator", "CsharpCalculator\CsharpCalculator.csproj", "{7E41DC27-ADA8-419B-A953-26B75864FAAF}"
EndProject
Global
	GlobalSection(SolutionConfigurationPlatforms) = preSolution
		Debug|Any CPU = Debug|Any CPU
		Release|Any CPU = Release|Any CPU
	EndGlobalSection
	GlobalSection(ProjectConfigurationPlatforms) = postSolution
		{7E41DC27-ADA8-419B-A953-26B75864FAAF}.Debug|Any CPU.ActiveCfg = Debug|Any CPU
		{7E41DC27-ADA8-419B-A953-26B75864FAAF}.Debug|Any CPU.Build.0 = Debug|Any CPU
		{7E41DC27-ADA8-419B-A953-26B75864FAAF}.Release|Any CPU.ActiveCfg = Release|Any CPU
		{7E41DC27-ADA8-419B-A953-26B75864FAAF}.Release|Any CPU.Build.0 = Release|Any CPU
	EndGlobalSection
	GlobalSection(SolutionProperties) = preSolution
		HideSolutionNode = FALSE
	EndGlobalSection
	GlobalSection(ExtensibilityGlobals) = postSolution
		SolutionGuid = {A2DB7DC7-373E-45D6-A42C-B8DCE18E44B3}
	EndGlobalSection
EndGlobal
